// !$*UTF8*$!
{
	archiveVersion = 1;
	classes = {
	};
	objectVersion = 56;
	objects = {

/* Begin PBXBuildFile section */
		378515302A907F2E007C0F20 /* pixil-frame-0.png in Resources */ = {isa = PBXBuildFile; fileRef = 3785152F2A907F2E007C0F20 /* pixil-frame-0.png */; };
		378515322A907F51007C0F20 /* Material.swift in Sources */ = {isa = PBXBuildFile; fileRef = 378515312A907F51007C0F20 /* Material.swift */; };
		379D0C4D2A8534D300DD1378 /* tetrisApp.swift in Sources */ = {isa = PBXBuildFile; fileRef = 379D0C4C2A8534D300DD1378 /* tetrisApp.swift */; };
		379D0C4F2A8534D300DD1378 /* ContentView.swift in Sources */ = {isa = PBXBuildFile; fileRef = 379D0C4E2A8534D300DD1378 /* ContentView.swift */; };
		379D0C512A8534D400DD1378 /* Assets.xcassets in Resources */ = {isa = PBXBuildFile; fileRef = 379D0C502A8534D400DD1378 /* Assets.xcassets */; };
		379D0C552A8534D400DD1378 /* Preview Assets.xcassets in Resources */ = {isa = PBXBuildFile; fileRef = 379D0C542A8534D400DD1378 /* Preview Assets.xcassets */; };
		379D0C5D2A85351700DD1378 /* MetalView.swift in Sources */ = {isa = PBXBuildFile; fileRef = 379D0C5C2A85351700DD1378 /* MetalView.swift */; };
		379D0C602A85354700DD1378 /* Store.swift in Sources */ = {isa = PBXBuildFile; fileRef = 379D0C5F2A85354700DD1378 /* Store.swift */; };
		379D0C622A85358300DD1378 /* GameState.swift in Sources */ = {isa = PBXBuildFile; fileRef = 379D0C612A85358300DD1378 /* GameState.swift */; };
		379D0C642A8535B400DD1378 /* InputController.swift in Sources */ = {isa = PBXBuildFile; fileRef = 379D0C632A8535B400DD1378 /* InputController.swift */; };
		379D0C672A8535FB00DD1378 /* MathLibrary.swift in Sources */ = {isa = PBXBuildFile; fileRef = 379D0C662A8535FB00DD1378 /* MathLibrary.swift */; };
		379D0C6A2A85365E00DD1378 /* Renderer.swift in Sources */ = {isa = PBXBuildFile; fileRef = 379D0C692A85365E00DD1378 /* Renderer.swift */; };
		379D0C6C2A85367A00DD1378 /* VertexDescriptor.swift in Sources */ = {isa = PBXBuildFile; fileRef = 379D0C6B2A85367A00DD1378 /* VertexDescriptor.swift */; };
		379D0C6E2A85369A00DD1378 /* Quad.swift in Sources */ = {isa = PBXBuildFile; fileRef = 379D0C6D2A85369A00DD1378 /* Quad.swift */; };
		379D0C702A8536C600DD1378 /* GameScene.swift in Sources */ = {isa = PBXBuildFile; fileRef = 379D0C6F2A8536C600DD1378 /* GameScene.swift */; };
		379D0C722A857A6D00DD1378 /* Metal.metal in Sources */ = {isa = PBXBuildFile; fileRef = 379D0C712A857A6D00DD1378 /* Metal.metal */; };
		37EF2BDC2A9165CF00BFD15A /* stock-vector-pixel-art-water-texture-pattern-for-game-platforms-vector-illustration-bit-sprite-1474789262.jpg in Resources */ = {isa = PBXBuildFile; fileRef = 37EF2BDB2A9165CF00BFD15A /* stock-vector-pixel-art-water-texture-pattern-for-game-platforms-vector-illustration-bit-sprite-1474789262.jpg */; };
/* End PBXBuildFile section */

/* Begin PBXFileReference section */
		3785152F2A907F2E007C0F20 /* pixil-frame-0.png */ = {isa = PBXFileReference; lastKnownFileType = image.png; path = "pixil-frame-0.png"; sourceTree = "<group>"; };
		378515312A907F51007C0F20 /* Material.swift */ = {isa = PBXFileReference; lastKnownFileType = sourcecode.swift; path = Material.swift; sourceTree = "<group>"; };
		379D0C492A8534D300DD1378 /* tetris.app */ = {isa = PBXFileReference; explicitFileType = wrapper.application; includeInIndex = 0; path = tetris.app; sourceTree = BUILT_PRODUCTS_DIR; };
		379D0C4C2A8534D300DD1378 /* tetrisApp.swift */ = {isa = PBXFileReference; lastKnownFileType = sourcecode.swift; path = tetrisApp.swift; sourceTree = "<group>"; };
		379D0C4E2A8534D300DD1378 /* ContentView.swift */ = {isa = PBXFileReference; lastKnownFileType = sourcecode.swift; path = ContentView.swift; sourceTree = "<group>"; };
		379D0C502A8534D400DD1378 /* Assets.xcassets */ = {isa = PBXFileReference; lastKnownFileType = folder.assetcatalog; path = Assets.xcassets; sourceTree = "<group>"; };
		379D0C522A8534D400DD1378 /* tetris.entitlements */ = {isa = PBXFileReference; lastKnownFileType = text.plist.entitlements; path = tetris.entitlements; sourceTree = "<group>"; };
		379D0C542A8534D400DD1378 /* Preview Assets.xcassets */ = {isa = PBXFileReference; lastKnownFileType = folder.assetcatalog; path = "Preview Assets.xcassets"; sourceTree = "<group>"; };
		379D0C5C2A85351700DD1378 /* MetalView.swift */ = {isa = PBXFileReference; lastKnownFileType = sourcecode.swift; path = MetalView.swift; sourceTree = "<group>"; };
		379D0C5F2A85354700DD1378 /* Store.swift */ = {isa = PBXFileReference; lastKnownFileType = sourcecode.swift; path = Store.swift; sourceTree = "<group>"; };
		379D0C612A85358300DD1378 /* GameState.swift */ = {isa = PBXFileReference; lastKnownFileType = sourcecode.swift; path = GameState.swift; sourceTree = "<group>"; };
		379D0C632A8535B400DD1378 /* InputController.swift */ = {isa = PBXFileReference; lastKnownFileType = sourcecode.swift; path = InputController.swift; sourceTree = "<group>"; };
		379D0C662A8535FB00DD1378 /* MathLibrary.swift */ = {isa = PBXFileReference; lastKnownFileType = sourcecode.swift; path = MathLibrary.swift; sourceTree = "<group>"; };
		379D0C692A85365E00DD1378 /* Renderer.swift */ = {isa = PBXFileReference; lastKnownFileType = sourcecode.swift; path = Renderer.swift; sourceTree = "<group>"; };
		379D0C6B2A85367A00DD1378 /* VertexDescriptor.swift */ = {isa = PBXFileReference; lastKnownFileType = sourcecode.swift; path = VertexDescriptor.swift; sourceTree = "<group>"; };
		379D0C6D2A85369A00DD1378 /* Quad.swift */ = {isa = PBXFileReference; lastKnownFileType = sourcecode.swift; path = Quad.swift; sourceTree = "<group>"; };
		379D0C6F2A8536C600DD1378 /* GameScene.swift */ = {isa = PBXFileReference; lastKnownFileType = sourcecode.swift; path = GameScene.swift; sourceTree = "<group>"; };
		379D0C712A857A6D00DD1378 /* Metal.metal */ = {isa = PBXFileReference; lastKnownFileType = sourcecode.metal; path = Metal.metal; sourceTree = "<group>"; };
		37EF2BDB2A9165CF00BFD15A /* stock-vector-pixel-art-water-texture-pattern-for-game-platforms-vector-illustration-bit-sprite-1474789262.jpg */ = {isa = PBXFileReference; lastKnownFileType = image.jpeg; path = "stock-vector-pixel-art-water-texture-pattern-for-game-platforms-vector-illustration-bit-sprite-1474789262.jpg"; sourceTree = "<group>"; };
/* End PBXFileReference section */

/* Begin PBXFrameworksBuildPhase section */
		379D0C462A8534D300DD1378 /* Frameworks */ = {
			isa = PBXFrameworksBuildPhase;
			buildActionMask = 2147483647;
			files = (
			);
			runOnlyForDeploymentPostprocessing = 0;
		};
/* End PBXFrameworksBuildPhase section */

/* Begin PBXGroup section */
		379D0C402A8534D300DD1378 = {
			isa = PBXGroup;
			children = (
				379D0C4B2A8534D300DD1378 /* tetris */,
				379D0C4A2A8534D300DD1378 /* Products */,
			);
			sourceTree = "<group>";
		};
		379D0C4A2A8534D300DD1378 /* Products */ = {
			isa = PBXGroup;
			children = (
				379D0C492A8534D300DD1378 /* tetris.app */,
			);
			name = Products;
			sourceTree = "<group>";
		};
		379D0C4B2A8534D300DD1378 /* tetris */ = {
			isa = PBXGroup;
			children = (
				379D0C4C2A8534D300DD1378 /* tetrisApp.swift */,
				379D0C5B2A8534ED00DD1378 /* SwiftUI Views */,
				379D0C5E2A85352600DD1378 /* State */,
				379D0C652A8535EC00DD1378 /* Utility */,
				379D0C682A85364C00DD1378 /* Graphics */,
				379D0C6F2A8536C600DD1378 /* GameScene.swift */,
				379D0C502A8534D400DD1378 /* Assets.xcassets */,
				379D0C522A8534D400DD1378 /* tetris.entitlements */,
				3785152F2A907F2E007C0F20 /* pixil-frame-0.png */,
				37EF2BDB2A9165CF00BFD15A /* stock-vector-pixel-art-water-texture-pattern-for-game-platforms-vector-illustration-bit-sprite-1474789262.jpg */,
				379D0C532A8534D400DD1378 /* Preview Content */,
			);
			path = tetris;
			sourceTree = "<group>";
		};
		379D0C532A8534D400DD1378 /* Preview Content */ = {
			isa = PBXGroup;
			children = (
				379D0C542A8534D400DD1378 /* Preview Assets.xcassets */,
			);
			path = "Preview Content";
			sourceTree = "<group>";
		};
		379D0C5B2A8534ED00DD1378 /* SwiftUI Views */ = {
			isa = PBXGroup;
			children = (
				379D0C4E2A8534D300DD1378 /* ContentView.swift */,
				379D0C5C2A85351700DD1378 /* MetalView.swift */,
			);
			path = "SwiftUI Views";
			sourceTree = "<group>";
		};
		379D0C5E2A85352600DD1378 /* State */ = {
			isa = PBXGroup;
			children = (
				379D0C5F2A85354700DD1378 /* Store.swift */,
				379D0C612A85358300DD1378 /* GameState.swift */,
			);
			path = State;
			sourceTree = "<group>";
		};
		379D0C652A8535EC00DD1378 /* Utility */ = {
			isa = PBXGroup;
			children = (
				379D0C632A8535B400DD1378 /* InputController.swift */,
				379D0C662A8535FB00DD1378 /* MathLibrary.swift */,
			);
			path = Utility;
			sourceTree = "<group>";
		};
		379D0C682A85364C00DD1378 /* Graphics */ = {
			isa = PBXGroup;
			children = (
				379D0C692A85365E00DD1378 /* Renderer.swift */,
				379D0C6B2A85367A00DD1378 /* VertexDescriptor.swift */,
				379D0C6D2A85369A00DD1378 /* Quad.swift */,
				379D0C712A857A6D00DD1378 /* Metal.metal */,
				378515312A907F51007C0F20 /* Material.swift */,
			);
			path = Graphics;
			sourceTree = "<group>";
		};
/* End PBXGroup section */

/* Begin PBXNativeTarget section */
		379D0C482A8534D300DD1378 /* tetris */ = {
			isa = PBXNativeTarget;
			buildConfigurationList = 379D0C582A8534D400DD1378 /* Build configuration list for PBXNativeTarget "tetris" */;
			buildPhases = (
				379D0C452A8534D300DD1378 /* Sources */,
				379D0C462A8534D300DD1378 /* Frameworks */,
				379D0C472A8534D300DD1378 /* Resources */,
			);
			buildRules = (
			);
			dependencies = (
			);
			name = tetris;
			productName = tetris;
			productReference = 379D0C492A8534D300DD1378 /* tetris.app */;
			productType = "com.apple.product-type.application";
		};
/* End PBXNativeTarget section */

/* Begin PBXProject section */
		379D0C412A8534D300DD1378 /* Project object */ = {
			isa = PBXProject;
			attributes = {
				BuildIndependentTargetsInParallel = 1;
				LastSwiftUpdateCheck = 1430;
				LastUpgradeCheck = 1430;
				TargetAttributes = {
					379D0C482A8534D300DD1378 = {
						CreatedOnToolsVersion = 14.3.1;
					};
				};
			};
			buildConfigurationList = 379D0C442A8534D300DD1378 /* Build configuration list for PBXProject "tetris" */;
			compatibilityVersion = "Xcode 14.0";
			developmentRegion = en;
			hasScannedForEncodings = 0;
			knownRegions = (
				en,
				Base,
			);
			mainGroup = 379D0C402A8534D300DD1378;
			productRefGroup = 379D0C4A2A8534D300DD1378 /* Products */;
			projectDirPath = "";
			projectRoot = "";
			targets = (
				379D0C482A8534D300DD1378 /* tetris */,
			);
		};
/* End PBXProject section */

/* Begin PBXResourcesBuildPhase section */
		379D0C472A8534D300DD1378 /* Resources */ = {
			isa = PBXResourcesBuildPhase;
			buildActionMask = 2147483647;
			files = (
				379D0C552A8534D400DD1378 /* Preview Assets.xcassets in Resources */,
				378515302A907F2E007C0F20 /* pixil-frame-0.png in Resources */,
				379D0C512A8534D400DD1378 /* Assets.xcassets in Resources */,
				37EF2BDC2A9165CF00BFD15A /* stock-vector-pixel-art-water-texture-pattern-for-game-platforms-vector-illustration-bit-sprite-1474789262.jpg in Resources */,
			);
			runOnlyForDeploymentPostprocessing = 0;
		};
/* End PBXResourcesBuildPhase section */

/* Begin PBXSourcesBuildPhase section */
		379D0C452A8534D300DD1378 /* Sources */ = {
			isa = PBXSourcesBuildPhase;
			buildActionMask = 2147483647;
			files = (
				378515322A907F51007C0F20 /* Material.swift in Sources */,
				379D0C6A2A85365E00DD1378 /* Renderer.swift in Sources */,
				379D0C642A8535B400DD1378 /* InputController.swift in Sources */,
				379D0C6E2A85369A00DD1378 /* Quad.swift in Sources */,
				379D0C5D2A85351700DD1378 /* MetalView.swift in Sources */,
				379D0C6C2A85367A00DD1378 /* VertexDescriptor.swift in Sources */,
				379D0C702A8536C600DD1378 /* GameScene.swift in Sources */,
				379D0C602A85354700DD1378 /* Store.swift in Sources */,
				379D0C722A857A6D00DD1378 /* Metal.metal in Sources */,
				379D0C672A8535FB00DD1378 /* MathLibrary.swift in Sources */,
				379D0C622A85358300DD1378 /* GameState.swift in Sources */,
				379D0C4F2A8534D300DD1378 /* ContentView.swift in Sources */,
				379D0C4D2A8534D300DD1378 /* tetrisApp.swift in Sources */,
			);
			runOnlyForDeploymentPostprocessing = 0;
		};
/* End PBXSourcesBuildPhase section */

/* Begin XCBuildConfiguration section */
		379D0C562A8534D400DD1378 /* Debug */ = {
			isa = XCBuildConfiguration;
			buildSettings = {
				ALWAYS_SEARCH_USER_PATHS = NO;
				CLANG_ANALYZER_NONNULL = YES;
				CLANG_ANALYZER_NUMBER_OBJECT_CONVERSION = YES_AGGRESSIVE;
				CLANG_CXX_LANGUAGE_STANDARD = "gnu++20";
				CLANG_ENABLE_MODULES = YES;
				CLANG_ENABLE_OBJC_ARC = YES;
				CLANG_ENABLE_OBJC_WEAK = YES;
				CLANG_WARN_BLOCK_CAPTURE_AUTORELEASING = YES;
				CLANG_WARN_BOOL_CONVERSION = YES;
				CLANG_WARN_COMMA = YES;
				CLANG_WARN_CONSTANT_CONVERSION = YES;
				CLANG_WARN_DEPRECATED_OBJC_IMPLEMENTATIONS = YES;
				CLANG_WARN_DIRECT_OBJC_ISA_USAGE = YES_ERROR;
				CLANG_WARN_DOCUMENTATION_COMMENTS = YES;
				CLANG_WARN_EMPTY_BODY = YES;
				CLANG_WARN_ENUM_CONVERSION = YES;
				CLANG_WARN_INFINITE_RECURSION = YES;
				CLANG_WARN_INT_CONVERSION = YES;
				CLANG_WARN_NON_LITERAL_NULL_CONVERSION = YES;
				CLANG_WARN_OBJC_IMPLICIT_RETAIN_SELF = YES;
				CLANG_WARN_OBJC_LITERAL_CONVERSION = YES;
				CLANG_WARN_OBJC_ROOT_CLASS = YES_ERROR;
				CLANG_WARN_QUOTED_INCLUDE_IN_FRAMEWORK_HEADER = YES;
				CLANG_WARN_RANGE_LOOP_ANALYSIS = YES;
				CLANG_WARN_STRICT_PROTOTYPES = YES;
				CLANG_WARN_SUSPICIOUS_MOVE = YES;
				CLANG_WARN_UNGUARDED_AVAILABILITY = YES_AGGRESSIVE;
				CLANG_WARN_UNREACHABLE_CODE = YES;
				CLANG_WARN__DUPLICATE_METHOD_MATCH = YES;
				COPY_PHASE_STRIP = NO;
				DEBUG_INFORMATION_FORMAT = dwarf;
				ENABLE_STRICT_OBJC_MSGSEND = YES;
				ENABLE_TESTABILITY = YES;
				GCC_C_LANGUAGE_STANDARD = gnu11;
				GCC_DYNAMIC_NO_PIC = NO;
				GCC_NO_COMMON_BLOCKS = YES;
				GCC_OPTIMIZATION_LEVEL = 0;
				GCC_PREPROCESSOR_DEFINITIONS = (
					"DEBUG=1",
					"$(inherited)",
				);
				GCC_WARN_64_TO_32_BIT_CONVERSION = YES;
				GCC_WARN_ABOUT_RETURN_TYPE = YES_ERROR;
				GCC_WARN_UNDECLARED_SELECTOR = YES;
				GCC_WARN_UNINITIALIZED_AUTOS = YES_AGGRESSIVE;
				GCC_WARN_UNUSED_FUNCTION = YES;
				GCC_WARN_UNUSED_VARIABLE = YES;
				MTL_ENABLE_DEBUG_INFO = INCLUDE_SOURCE;
				MTL_FAST_MATH = YES;
				ONLY_ACTIVE_ARCH = YES;
				SWIFT_ACTIVE_COMPILATION_CONDITIONS = DEBUG;
				SWIFT_OPTIMIZATION_LEVEL = "-Onone";
			};
			name = Debug;
		};
		379D0C572A8534D400DD1378 /* Release */ = {
			isa = XCBuildConfiguration;
			buildSettings = {
				ALWAYS_SEARCH_USER_PATHS = NO;
				CLANG_ANALYZER_NONNULL = YES;
				CLANG_ANALYZER_NUMBER_OBJECT_CONVERSION = YES_AGGRESSIVE;
				CLANG_CXX_LANGUAGE_STANDARD = "gnu++20";
				CLANG_ENABLE_MODULES = YES;
				CLANG_ENABLE_OBJC_ARC = YES;
				CLANG_ENABLE_OBJC_WEAK = YES;
				CLANG_WARN_BLOCK_CAPTURE_AUTORELEASING = YES;
				CLANG_WARN_BOOL_CONVERSION = YES;
				CLANG_WARN_COMMA = YES;
				CLANG_WARN_CONSTANT_CONVERSION = YES;
				CLANG_WARN_DEPRECATED_OBJC_IMPLEMENTATIONS = YES;
				CLANG_WARN_DIRECT_OBJC_ISA_USAGE = YES_ERROR;
				CLANG_WARN_DOCUMENTATION_COMMENTS = YES;
				CLANG_WARN_EMPTY_BODY = YES;
				CLANG_WARN_ENUM_CONVERSION = YES;
				CLANG_WARN_INFINITE_RECURSION = YES;
				CLANG_WARN_INT_CONVERSION = YES;
				CLANG_WARN_NON_LITERAL_NULL_CONVERSION = YES;
				CLANG_WARN_OBJC_IMPLICIT_RETAIN_SELF = YES;
				CLANG_WARN_OBJC_LITERAL_CONVERSION = YES;
				CLANG_WARN_OBJC_ROOT_CLASS = YES_ERROR;
				CLANG_WARN_QUOTED_INCLUDE_IN_FRAMEWORK_HEADER = YES;
				CLANG_WARN_RANGE_LOOP_ANALYSIS = YES;
				CLANG_WARN_STRICT_PROTOTYPES = YES;
				CLANG_WARN_SUSPICIOUS_MOVE = YES;
				CLANG_WARN_UNGUARDED_AVAILABILITY = YES_AGGRESSIVE;
				CLANG_WARN_UNREACHABLE_CODE = YES;
				CLANG_WARN__DUPLICATE_METHOD_MATCH = YES;
				COPY_PHASE_STRIP = NO;
				DEBUG_INFORMATION_FORMAT = "dwarf-with-dsym";
				ENABLE_NS_ASSERTIONS = NO;
				ENABLE_STRICT_OBJC_MSGSEND = YES;
				GCC_C_LANGUAGE_STANDARD = gnu11;
				GCC_NO_COMMON_BLOCKS = YES;
				GCC_WARN_64_TO_32_BIT_CONVERSION = YES;
				GCC_WARN_ABOUT_RETURN_TYPE = YES_ERROR;
				GCC_WARN_UNDECLARED_SELECTOR = YES;
				GCC_WARN_UNINITIALIZED_AUTOS = YES_AGGRESSIVE;
				GCC_WARN_UNUSED_FUNCTION = YES;
				GCC_WARN_UNUSED_VARIABLE = YES;
				MTL_ENABLE_DEBUG_INFO = NO;
				MTL_FAST_MATH = YES;
				SWIFT_COMPILATION_MODE = wholemodule;
				SWIFT_OPTIMIZATION_LEVEL = "-O";
			};
			name = Release;
		};
		379D0C592A8534D400DD1378 /* Debug */ = {
			isa = XCBuildConfiguration;
			buildSettings = {
				ASSETCATALOG_COMPILER_APPICON_NAME = AppIcon;
				ASSETCATALOG_COMPILER_GLOBAL_ACCENT_COLOR_NAME = AccentColor;
				CODE_SIGN_ENTITLEMENTS = tetris/tetris.entitlements;
				CODE_SIGN_STYLE = Automatic;
				CURRENT_PROJECT_VERSION = 1;
				DEVELOPMENT_ASSET_PATHS = "\"tetris/Preview Content\"";
				DEVELOPMENT_TEAM = LF8WR6U4G6;
				ENABLE_HARDENED_RUNTIME = YES;
				ENABLE_PREVIEWS = YES;
				GENERATE_INFOPLIST_FILE = YES;
				"INFOPLIST_KEY_UIApplicationSceneManifest_Generation[sdk=iphoneos*]" = YES;
				"INFOPLIST_KEY_UIApplicationSceneManifest_Generation[sdk=iphonesimulator*]" = YES;
				"INFOPLIST_KEY_UIApplicationSupportsIndirectInputEvents[sdk=iphoneos*]" = YES;
				"INFOPLIST_KEY_UIApplicationSupportsIndirectInputEvents[sdk=iphonesimulator*]" = YES;
				"INFOPLIST_KEY_UILaunchScreen_Generation[sdk=iphoneos*]" = YES;
				"INFOPLIST_KEY_UILaunchScreen_Generation[sdk=iphonesimulator*]" = YES;
				"INFOPLIST_KEY_UIStatusBarStyle[sdk=iphoneos*]" = UIStatusBarStyleDefault;
				"INFOPLIST_KEY_UIStatusBarStyle[sdk=iphonesimulator*]" = UIStatusBarStyleDefault;
				INFOPLIST_KEY_UISupportedInterfaceOrientations_iPad = "UIInterfaceOrientationPortrait UIInterfaceOrientationPortraitUpsideDown UIInterfaceOrientationLandscapeLeft UIInterfaceOrientationLandscapeRight";
				INFOPLIST_KEY_UISupportedInterfaceOrientations_iPhone = "UIInterfaceOrientationPortrait UIInterfaceOrientationLandscapeLeft UIInterfaceOrientationLandscapeRight";
				IPHONEOS_DEPLOYMENT_TARGET = 16.4;
				LD_RUNPATH_SEARCH_PATHS = "@executable_path/Frameworks";
				"LD_RUNPATH_SEARCH_PATHS[sdk=macosx*]" = "@executable_path/../Frameworks";
				MACOSX_DEPLOYMENT_TARGET = 13.2;
				MARKETING_VERSION = 1.0;
				PRODUCT_BUNDLE_IDENTIFIER = willisplummer.tetris;
				PRODUCT_NAME = "$(TARGET_NAME)";
				SDKROOT = auto;
				SUPPORTED_PLATFORMS = "iphoneos iphonesimulator macosx";
				SWIFT_EMIT_LOC_STRINGS = YES;
				SWIFT_VERSION = 5.0;
				TARGETED_DEVICE_FAMILY = "1,2";
			};
			name = Debug;
		};
		379D0C5A2A8534D400DD1378 /* Release */ = {
			isa = XCBuildConfiguration;
			buildSettings = {
				ASSETCATALOG_COMPILER_APPICON_NAME = AppIcon;
				ASSETCATALOG_COMPILER_GLOBAL_ACCENT_COLOR_NAME = AccentColor;
				CODE_SIGN_ENTITLEMENTS = tetris/tetris.entitlements;
				CODE_SIGN_STYLE = Automatic;
				CURRENT_PROJECT_VERSION = 1;
				DEVELOPMENT_ASSET_PATHS = "\"tetris/Preview Content\"";
				DEVELOPMENT_TEAM = LF8WR6U4G6;
				ENABLE_HARDENED_RUNTIME = YES;
				ENABLE_PREVIEWS = YES;
				GENERATE_INFOPLIST_FILE = YES;
				"INFOPLIST_KEY_UIApplicationSceneManifest_Generation[sdk=iphoneos*]" = YES;
				"INFOPLIST_KEY_UIApplicationSceneManifest_Generation[sdk=iphonesimulator*]" = YES;
				"INFOPLIST_KEY_UIApplicationSupportsIndirectInputEvents[sdk=iphoneos*]" = YES;
				"INFOPLIST_KEY_UIApplicationSupportsIndirectInputEvents[sdk=iphonesimulator*]" = YES;
				"INFOPLIST_KEY_UILaunchScreen_Generation[sdk=iphoneos*]" = YES;
				"INFOPLIST_KEY_UILaunchScreen_Generation[sdk=iphonesimulator*]" = YES;
				"INFOPLIST_KEY_UIStatusBarStyle[sdk=iphoneos*]" = UIStatusBarStyleDefault;
				"INFOPLIST_KEY_UIStatusBarStyle[sdk=iphonesimulator*]" = UIStatusBarStyleDefault;
				INFOPLIST_KEY_UISupportedInterfaceOrientations_iPad = "UIInterfaceOrientationPortrait UIInterfaceOrientationPortraitUpsideDown UIInterfaceOrientationLandscapeLeft UIInterfaceOrientationLandscapeRight";
				INFOPLIST_KEY_UISupportedInterfaceOrientations_iPhone = "UIInterfaceOrientationPortrait UIInterfaceOrientationLandscapeLeft UIInterfaceOrientationLandscapeRight";
				IPHONEOS_DEPLOYMENT_TARGET = 16.4;
				LD_RUNPATH_SEARCH_PATHS = "@executable_path/Frameworks";
				"LD_RUNPATH_SEARCH_PATHS[sdk=macosx*]" = "@executable_path/../Frameworks";
				MACOSX_DEPLOYMENT_TARGET = 13.2;
				MARKETING_VERSION = 1.0;
				PRODUCT_BUNDLE_IDENTIFIER = willisplummer.tetris;
				PRODUCT_NAME = "$(TARGET_NAME)";
				SDKROOT = auto;
				SUPPORTED_PLATFORMS = "iphoneos iphonesimulator macosx";
				SWIFT_EMIT_LOC_STRINGS = YES;
				SWIFT_VERSION = 5.0;
				TARGETED_DEVICE_FAMILY = "1,2";
			};
			name = Release;
		};
/* End XCBuildConfiguration section */

/* Begin XCConfigurationList section */
		379D0C442A8534D300DD1378 /* Build configuration list for PBXProject "tetris" */ = {
			isa = XCConfigurationList;
			buildConfigurations = (
				379D0C562A8534D400DD1378 /* Debug */,
				379D0C572A8534D400DD1378 /* Release */,
			);
			defaultConfigurationIsVisible = 0;
			defaultConfigurationName = Release;
		};
		379D0C582A8534D400DD1378 /* Build configuration list for PBXNativeTarget "tetris" */ = {
			isa = XCConfigurationList;
			buildConfigurations = (
				379D0C592A8534D400DD1378 /* Debug */,
				379D0C5A2A8534D400DD1378 /* Release */,
			);
			defaultConfigurationIsVisible = 0;
			defaultConfigurationName = Release;
		};
/* End XCConfigurationList section */
	};
	rootObject = 379D0C412A8534D300DD1378 /* Project object */;
}
